
Microsoft Visual Studio Solution File, Format Version 12.00
# Visual Studio Version 16
VisualStudioVersion = 16.0.30225.117
MinimumVisualStudioVersion = 10.0.40219.1
Project("{FAE04EC0-301F-11D3-BF4B-00C04F79EFBC}") = "FireStats.BL", "FireStats.BL\FireStats.BL.csproj", "{BB1652D7-E48C-40DE-B14D-666165949629}"
EndProject
Project("{FAE04EC0-301F-11D3-BF4B-00C04F79EFBC}") = "FireStats.CMD", "FireStats.CMD\FireStats.CMD.csproj", "{4E1E2AB4-1535-4703-8574-927577F59D45}"
EndProject
Project("{FAE04EC0-301F-11D3-BF4B-00C04F79EFBC}") = "FireStats.BLTests", "FireStats.BLTests\FireStats.BLTests.csproj", "{1D94ADBE-2248-401B-ADDA-F9D347A8C1FB}"
EndProject
Project("{FAE04EC0-301F-11D3-BF4B-00C04F79EFBC}") = "FireStats.WPF", "FireStats.WPF.Login\FireStats.WPF.csproj", "{0CED0B05-6A4B-491F-BD74-19D1083F2739}"
EndProject
Global
	GlobalSection(SolutionConfigurationPlatforms) = preSolution
		Debug|Any CPU = Debug|Any CPU
		Release|Any CPU = Release|Any CPU
	EndGlobalSection
	GlobalSection(ProjectConfigurationPlatforms) = postSolution
		{BB1652D7-E48C-40DE-B14D-666165949629}.Debug|Any CPU.ActiveCfg = Debug|Any CPU
		{BB1652D7-E48C-40DE-B14D-666165949629}.Debug|Any CPU.Build.0 = Debug|Any CPU
		{BB1652D7-E48C-40DE-B14D-666165949629}.Release|Any CPU.ActiveCfg = Release|Any CPU
		{BB1652D7-E48C-40DE-B14D-666165949629}.Release|Any CPU.Build.0 = Release|Any CPU
		{4E1E2AB4-1535-4703-8574-927577F59D45}.Debug|Any CPU.ActiveCfg = Debug|Any CPU
		{4E1E2AB4-1535-4703-8574-927577F59D45}.Debug|Any CPU.Build.0 = Debug|Any CPU
		{4E1E2AB4-1535-4703-8574-927577F59D45}.Release|Any CPU.ActiveCfg = Release|Any CPU
		{4E1E2AB4-1535-4703-8574-927577F59D45}.Release|Any CPU.Build.0 = Release|Any CPU
		{1D94ADBE-2248-401B-ADDA-F9D347A8C1FB}.Debug|Any CPU.ActiveCfg = Debug|Any CPU
		{1D94ADBE-2248-401B-ADDA-F9D347A8C1FB}.Debug|Any CPU.Build.0 = Debug|Any CPU
		{1D94ADBE-2248-401B-ADDA-F9D347A8C1FB}.Release|Any CPU.ActiveCfg = Release|Any CPU
		{1D94ADBE-2248-401B-ADDA-F9D347A8C1FB}.Release|Any CPU.Build.0 = Release|Any CPU
		{0CED0B05-6A4B-491F-BD74-19D1083F2739}.Debug|Any CPU.ActiveCfg = Debug|Any CPU
		{0CED0B05-6A4B-491F-BD74-19D1083F2739}.Debug|Any CPU.Build.0 = Debug|Any CPU
		{0CED0B05-6A4B-491F-BD74-19D1083F2739}.Release|Any CPU.ActiveCfg = Release|Any CPU
		{0CED0B05-6A4B-491F-BD74-19D1083F2739}.Release|Any CPU.Build.0 = Release|Any CPU
	EndGlobalSection
	GlobalSection(SolutionProperties) = preSolution
		HideSolutionNode = FALSE
	EndGlobalSection
	GlobalSection(ExtensibilityGlobals) = postSolution
		SolutionGuid = {612F29CD-F0C8-418A-A232-B8E5370A0989}
	EndGlobalSection
EndGlobal
